# This file is automatically @generated by Poetry 2.3.1 and should not be changed by hand.

[[package]]
name = "eggs"
version = "1.0rc4"
description = "Some description."
optional = false
python-versions = "*"
groups = ["main"]
files = []
develop = true

[package.source]
type = "directory"
url = "../eggs"

[[package]]
name = "ham"
version = "4.5.6"
description = "Some description."
optional = false
python-versions = "*"
groups = ["main"]
files = []
develop = true

[package.source]
type = "directory"
url = "../ham"

[[package]]
name = "packaging"
version = "26.0"
description = "Core utilities for Python packages"
optional = false
python-versions = ">=3.8"
groups = ["main"]
files = [
    {file = "packaging-26.0-py3-none-any.whl", hash = "sha256:b36f1fef9334a5588b4166f8bcd26a14e521f2b55e6b9de3aaa80d3ff7a37529"},
    {file = "packaging-26.0.tar.gz", hash = "sha256:00243ae351a257117b6a241061796684b084ed1c516a08c48a3f7e147a9d80b4"},
]

[[package]]
name = "spam"
version = "1.2.3.dev0"
description = "Some description."
optional = true
python-versions = "*"
groups = ["main"]
markers = "extra == \"testing\""
files = []
develop = false

[package.source]
type = "directory"
url = "../spam"

[extras]
testing = ["spam"]

[metadata]
lock-version = "2.1"
python-versions = "^3.9"
content-hash = "16c9e396898a5954b45aa78b6d5ade7797bd9336eacaa0bf9b8675bcd1f4fe2c"
